<?xml version="1.0" encoding="utf-8"?>
<Project ToolsVersion="4.0" xmlns="http://schemas.microsoft.com/developer/msbuild/2003">
  <ItemGroup>
    <Filter Include="Source Files">
      <UniqueIdentifier>{4FC737F1-C7A5-4376-A066-2A32D752A2FF}</UniqueIdentifier>
      <Extensions>cpp;cxx;c;def</Extensions>
    </Filter>
    <Filter Include="Header Files">
      <UniqueIdentifier>{93995380-89BD-4b04-88EB-625FBE52EBFB}</UniqueIdentifier>
      <Extensions>h</Extensions>
    </Filter>
    <Filter Include="Form Files">
      <UniqueIdentifier>{99349809-55BA-4b9d-BF79-8FDBB0286EB3}</UniqueIdentifier>
      <Extensions>ui</Extensions>
    </Filter>
    <Filter Include="Resource Files">
      <UniqueIdentifier>{D9D6E242-F8AF-46E4-B9FD-80ECBC20BA3E}</UniqueIdentifier>
      <Extensions>qrc;*</Extensions>
      <ParseFiles>false</ParseFiles>
    </Filter>
    <Filter Include="Generated Files">
      <UniqueIdentifier>{71ED8ED8-ACB9-4CE9-BBE1-E00B30144E11}</UniqueIdentifier>
      <Extensions>moc;h;cpp</Extensions>
      <SourceControlFiles>False</SourceControlFiles>
    </Filter>
    <Filter Include="include">
      <UniqueIdentifier>{328e1fd4-2dff-42a9-b387-44ad3824fdaf}</UniqueIdentifier>
    </Filter>
  </ItemGroup>
  <ItemGroup>
    <ClCompile Include="W3Image2D.cpp">
      <Filter>Source Files</Filter>
    </ClCompile>
    <ClCompile Include="W3Image3D.cpp">
      <Filter>Source Files</Filter>
    </ClCompile>
    <ClCompile Include="W3ImageHeader.cpp">
      <Filter>Source Files</Filter>
    </ClCompile>
    <ClCompile Include="W3Resource.cpp">
      <Filter>Source Files</Filter>
    </ClCompile>
    <ClCompile Include="W3TF.cpp">
      <Filter>Source Files</Filter>
    </ClCompile>
    <ClCompile Include="W3TRDsurface.cpp">
      <Filter>Source Files</Filter>
    </ClCompile>
    <ClCompile Include="W3Implant.cpp">
      <Filter>Source Files</Filter>
    </ClCompile>
    <ClCompile Include="W3OBBTree.cpp">
      <Filter>Source Files</Filter>
    </ClCompile>
    <ClCompile Include="W3OrientedBoundingBox.cpp">
      <Filter>Source Files</Filter>
    </ClCompile>
    <ClCompile Include="ccl\GxConnectedComponentLabeling.cpp">
      <Filter>Source Files</Filter>
    </ClCompile>
    <ClCompile Include="W3ViewPlane.cpp">
      <Filter>Source Files</Filter>
    </ClCompile>
    <ClCompile Include="pano_resource.cpp">
      <Filter>Source Files</Filter>
    </ClCompile>
    <ClCompile Include="plane_resource.cpp">
      <Filter>Source Files</Filter>
    </ClCompile>
    <ClCompile Include="nerve_resource.cpp">
      <Filter>Source Files</Filter>
    </ClCompile>
    <ClCompile Include="face_photo_resource.cpp">
      <Filter>Source Files</Filter>
    </ClCompile>
    <ClCompile Include="include\nerve_data.cpp">
      <Filter>include</Filter>
    </ClCompile>
    <ClCompile Include="include\nerve_mask_roi.cpp">
      <Filter>include</Filter>
    </ClCompile>
    <ClCompile Include="cross_section_resource.cpp">
      <Filter>Source Files</Filter>
    </ClCompile>
    <ClCompile Include="include\cross_section_data.cpp">
      <Filter>include</Filter>
    </ClCompile>
    <ClCompile Include="include\curve_data.cpp">
      <Filter>Source Files</Filter>
    </ClCompile>
    <ClCompile Include="image_2d.cpp">
      <Filter>Source Files</Filter>
    </ClCompile>
    <ClCompile Include="image_2d_impl.cpp">
      <Filter>Source Files</Filter>
    </ClCompile>
    <ClCompile Include="image_buffer.cpp">
      <Filter>Source Files</Filter>
    </ClCompile>
    <ClCompile Include="dicom_header.cpp">
      <Filter>Source Files</Filter>
    </ClCompile>
    <ClCompile Include="include\nerve_impl.cpp">
      <Filter>include</Filter>
    </ClCompile>
    <ClCompile Include="include\implant_data.cpp">
      <Filter>include</Filter>
    </ClCompile>
    <ClCompile Include="implant_resource.cpp">
      <Filter>Source Files</Filter>
    </ClCompile>
    <ClCompile Include="sagittal_resource.cpp">
      <Filter>Source Files</Filter>
    </ClCompile>
    <ClCompile Include="active_block_resource.cpp">
      <Filter>Source Files</Filter>
    </ClCompile>
    <ClCompile Include="lightbox_resource.cpp">
      <Filter>Source Files</Filter>
    </ClCompile>
    <ClCompile Include="measure_resource.cpp">
      <Filter>Source Files</Filter>
    </ClCompile>
    <ClCompile Include="include\measure_data.cpp">
      <Filter>include</Filter>
    </ClCompile>
    <ClCompile Include="tmj_resource.cpp">
      <Filter>Source Files</Filter>
    </ClCompile>
  </ItemGroup>
  <ItemGroup>
    <ClInclude Include="W3Resource.h">
      <Filter>Header Files</Filter>
    </ClInclude>
    <ClInclude Include="resource_global.h">
      <Filter>Header Files</Filter>
    </ClInclude>
    <ClInclude Include="W3Image2D.h">
      <Filter>Header Files</Filter>
    </ClInclude>
    <ClInclude Include="W3Image3D.h">
      <Filter>Header Files</Filter>
    </ClInclude>
    <ClInclude Include="W3ImageHeader.h">
      <Filter>Header Files</Filter>
    </ClInclude>
    <ClInclude Include="W3TF.h">
      <Filter>Header Files</Filter>
    </ClInclude>
    <ClInclude Include="W3TRDsurface.h">
      <Filter>Header Files</Filter>
    </ClInclude>
    <ClInclude Include="W3Implant.h">
      <Filter>Header Files</Filter>
    </ClInclude>
    <ClInclude Include="ccl\GxConnectedComponentLabeling.h">
      <Filter>Header Files</Filter>
    </ClInclude>
    <ClInclude Include="W3ViewPlane.h">
      <Filter>Header Files</Filter>
    </ClInclude>
    <ClInclude Include="plane_resource.h">
      <Filter>Header Files</Filter>
    </ClInclude>
    <ClInclude Include="nerve_resource.h">
      <Filter>Header Files</Filter>
    </ClInclude>
    <ClInclude Include="face_photo_resource.h">
      <Filter>Header Files</Filter>
    </ClInclude>
    <ClInclude Include="include\nerve_data.h">
      <Filter>include</Filter>
    </ClInclude>
    <ClInclude Include="include\nerve_mask_roi.h">
      <Filter>include</Filter>
    </ClInclude>
    <ClInclude Include="include\curve_data.h">
      <Filter>include</Filter>
    </ClInclude>
    <ClInclude Include="cross_section_resource.h">
      <Filter>Header Files</Filter>
    </ClInclude>
    <ClInclude Include="include\cross_section_data.h">
      <Filter>include</Filter>
    </ClInclude>
    <ClInclude Include="image_2d.h">
      <Filter>Header Files</Filter>
    </ClInclude>
    <ClInclude Include="image_2d_impl.h">
      <Filter>Header Files</Filter>
    </ClInclude>
    <ClInclude Include="resource_defines.h">
      <Filter>Header Files</Filter>
    </ClInclude>
    <ClInclude Include="image_buffer.h">
      <Filter>Header Files</Filter>
    </ClInclude>
    <ClInclude Include="dicom_header.h">
      <Filter>Header Files</Filter>
    </ClInclude>
    <ClInclude Include="include\nerve_impl.h">
      <Filter>include</Filter>
    </ClInclude>
    <ClInclude Include="include\implant_data.h">
      <Filter>include</Filter>
    </ClInclude>
    <ClInclude Include="implant_resource.h">
      <Filter>Header Files</Filter>
    </ClInclude>
    <ClInclude Include="sagittal_resource.h">
      <Filter>Header Files</Filter>
    </ClInclude>
    <ClInclude Include="active_block_resource.h">
      <Filter>Header Files</Filter>
    </ClInclude>
    <ClInclude Include="lightbox_resource.h">
      <Filter>Header Files</Filter>
    </ClInclude>
    <ClInclude Include="include\measure_data.h">
      <Filter>include</Filter>
    </ClInclude>
    <ClInclude Include="measure_resource.h">
      <Filter>Header Files</Filter>
    </ClInclude>
    <ClInclude Include="tmj_resource.h">
      <Filter>Header Files</Filter>
    </ClInclude>
  </ItemGroup>
  <ItemGroup>
    <CustomBuild Include="W3OBBTree.h">
      <Filter>Header Files</Filter>
    </CustomBuild>
    <CustomBuild Include="W3OrientedBoundingBox.h">
      <Filter>Header Files</Filter>
    </CustomBuild>
    <CustomBuild Include="pano_resource.h">
      <Filter>Header Files</Filter>
    </CustomBuild>
  </ItemGroup>
</Project>