<?xml version="1.0" encoding="utf-8"?>
<Project ToolsVersion="4.0" xmlns="http://schemas.microsoft.com/developer/msbuild/2003">
  <ItemGroup>
    <Filter Include="Source Files">
      <UniqueIdentifier>{4FC737F1-C7A5-4376-A066-2A32D752A2FF}</UniqueIdentifier>
      <Extensions>cpp;cxx;c;def</Extensions>
    </Filter>
    <Filter Include="Header Files">
      <UniqueIdentifier>{93995380-89BD-4b04-88EB-625FBE52EBFB}</UniqueIdentifier>
      <Extensions>h</Extensions>
    </Filter>
    <Filter Include="Form Files">
      <UniqueIdentifier>{99349809-55BA-4b9d-BF79-8FDBB0286EB3}</UniqueIdentifier>
      <Extensions>ui</Extensions>
    </Filter>
    <Filter Include="Resource Files">
      <UniqueIdentifier>{D9D6E242-F8AF-46E4-B9FD-80ECBC20BA3E}</UniqueIdentifier>
      <Extensions>qrc;*</Extensions>
      <ParseFiles>false</ParseFiles>
    </Filter>
    <Filter Include="Generated Files">
      <UniqueIdentifier>{71ED8ED8-ACB9-4CE9-BBE1-E00B30144E11}</UniqueIdentifier>
      <Extensions>moc;h;cpp</Extensions>
      <SourceControlFiles>False</SourceControlFiles>
    </Filter>
  </ItemGroup>
  <ItemGroup>
    <ClInclude Include="uiglobjects_global.h">
      <Filter>Header Files</Filter>
    </ClInclude>
    <ClInclude Include="W3SurfaceAngleItem.h">
      <Filter>Header Files</Filter>
    </ClInclude>
    <ClInclude Include="W3SurfaceArchItem.h">
      <Filter>Header Files</Filter>
    </ClInclude>
    <ClInclude Include="W3SurfaceAxesItem.h">
      <Filter>Header Files</Filter>
    </ClInclude>
    <ClInclude Include="W3SurfaceDistanceItem.h">
      <Filter>Header Files</Filter>
    </ClInclude>
    <ClInclude Include="W3SurfaceEllipseItem.h">
      <Filter>Header Files</Filter>
    </ClInclude>
    <ClInclude Include="W3SurfaceItem.h">
      <Filter>Header Files</Filter>
    </ClInclude>
    <ClInclude Include="W3SurfaceLineItem.h">
      <Filter>Header Files</Filter>
    </ClInclude>
    <ClInclude Include="W3SurfacePlaneItem.h">
      <Filter>Header Files</Filter>
    </ClInclude>
    <ClInclude Include="W3SurfaceTextEllipseItem.h">
      <Filter>Header Files</Filter>
    </ClInclude>
    <ClInclude Include="W3VBOs.h">
      <Filter>Header Files</Filter>
    </ClInclude>
    <ClInclude Include="W3GLObject.h">
      <Filter>Header Files</Filter>
    </ClInclude>
    <ClInclude Include="W3GLNerve.h">
      <Filter>Header Files</Filter>
    </ClInclude>
    <ClInclude Include="view_plane_obj_gl.h">
      <Filter>Header Files</Filter>
    </ClInclude>
    <ClInclude Include="implant_obj_gl.h">
      <Filter>Header Files</Filter>
    </ClInclude>
    <ClInclude Include="uiglobjects_defines.h">
      <Filter>Header Files</Filter>
    </ClInclude>
    <ClInclude Include="measure_length_3d.h">
      <Filter>Header Files</Filter>
    </ClInclude>
    <ClInclude Include="measure_angle_3d.h">
      <Filter>Header Files</Filter>
    </ClInclude>
    <ClInclude Include="measure_3d_manager.h">
      <Filter>Header Files</Filter>
    </ClInclude>
    <ClInclude Include="measure_base_3d.h">
      <Filter>Header Files</Filter>
    </ClInclude>
    <ClInclude Include="surface_axes_item_geometry.h">
      <Filter>Header Files</Filter>
    </ClInclude>
    <ClInclude Include="measure_line_3d.h">
      <Filter>Header Files</Filter>
    </ClInclude>
  </ItemGroup>
  <ItemGroup>
    <ClCompile Include="W3Spline3DItem.cpp">
      <Filter>Source Files</Filter>
    </ClCompile>
    <ClCompile Include="W3SurfaceAngleItem.cpp">
      <Filter>Source Files</Filter>
    </ClCompile>
    <ClCompile Include="W3SurfaceArchItem.cpp">
      <Filter>Source Files</Filter>
    </ClCompile>
    <ClCompile Include="W3SurfaceAxesItem.cpp">
      <Filter>Source Files</Filter>
    </ClCompile>
    <ClCompile Include="W3SurfaceDistanceItem.cpp">
      <Filter>Source Files</Filter>
    </ClCompile>
    <ClCompile Include="W3SurfaceEllipseItem.cpp">
      <Filter>Source Files</Filter>
    </ClCompile>
    <ClCompile Include="W3SurfaceItem.cpp">
      <Filter>Source Files</Filter>
    </ClCompile>
    <ClCompile Include="W3SurfaceLineItem.cpp">
      <Filter>Source Files</Filter>
    </ClCompile>
    <ClCompile Include="W3SurfacePlaneItem.cpp">
      <Filter>Source Files</Filter>
    </ClCompile>
    <ClCompile Include="W3SurfaceTextEllipseItem.cpp">
      <Filter>Source Files</Filter>
    </ClCompile>
    <ClCompile Include="W3SurfaceTextLineItem.cpp">
      <Filter>Source Files</Filter>
    </ClCompile>
    <ClCompile Include="W3VBOs.cpp">
      <Filter>Source Files</Filter>
    </ClCompile>
    <ClCompile Include="W3GLObject.cpp">
      <Filter>Source Files</Filter>
    </ClCompile>
    <ClCompile Include="W3GLNerve.cpp">
      <Filter>Source Files</Filter>
    </ClCompile>
    <ClCompile Include="view_plane_obj_gl.cpp">
      <Filter>Source Files</Filter>
    </ClCompile>
    <ClCompile Include="gl_object.cpp">
      <Filter>Source Files</Filter>
    </ClCompile>
    <ClCompile Include="gl_widget.cpp">
      <Filter>Source Files</Filter>
    </ClCompile>
    <ClCompile Include="gl_nerve_widget.cpp">
      <Filter>Source Files</Filter>
    </ClCompile>
    <ClCompile Include="gl_implant_widget.cpp">
      <Filter>Source Files</Filter>
    </ClCompile>
    <ClCompile Include="implant_obj_gl.cpp">
      <Filter>Source Files</Filter>
    </ClCompile>
    <ClCompile Include="measure_length_3d.cpp">
      <Filter>Source Files</Filter>
    </ClCompile>
    <ClCompile Include="measure_angle_3d.cpp">
      <Filter>Source Files</Filter>
    </ClCompile>
    <ClCompile Include="measure_3d_manager.cpp">
      <Filter>Source Files</Filter>
    </ClCompile>
    <ClCompile Include="measure_base_3d.cpp">
      <Filter>Source Files</Filter>
    </ClCompile>
    <ClCompile Include="surface_axes_item_geometry.cpp">
      <Filter>Source Files</Filter>
    </ClCompile>
    <ClCompile Include="measure_line_3d.cpp">
      <Filter>Source Files</Filter>
    </ClCompile>
  </ItemGroup>
  <ItemGroup>
    <CustomBuild Include="W3Spline3DItem.h">
      <Filter>Header Files</Filter>
    </CustomBuild>
    <QtMoc Include="gl_widget.h">
      <Filter>Header Files</Filter>
    </QtMoc>
    <QtMoc Include="gl_object.h">
      <Filter>Header Files</Filter>
    </QtMoc>
    <QtMoc Include="gl_nerve_widget.h">
      <Filter>Header Files</Filter>
    </QtMoc>
    <QtMoc Include="gl_implant_widget.h">
      <Filter>Header Files</Filter>
    </QtMoc>
    <QtMoc Include="W3SurfaceTextLineItem.h">
      <Filter>Header Files</Filter>
    </QtMoc>
  </ItemGroup>
</Project>